
Microsoft Visual Studio Solution File, Format Version 12.00
# Visual Studio 14
VisualStudioVersion = 14.0.25420.1
MinimumVisualStudioVersion = 10.0.40219.1
Project("{2150E333-8FDC-42A3-9474-1A3956D46DE8}") = "src", "src", "{AE6BEDFB-985C-4B51-99CD-E70AD050F266}"
EndProject
Project("{2150E333-8FDC-42A3-9474-1A3956D46DE8}") = "Solution Items", "Solution Items", "{2F4AA993-D45E-497D-BEA6-BDF2AE780CFB}"
	ProjectSection(SolutionItems) = preProject
		global.json = global.json
	EndProjectSection
EndProject
Project("{8BB2217D-0F2D-49D1-97BC-3654ED321F3B}") = "BethanysPieShop", "src\BethanysPieShop\BethanysPieShop.xproj", "{966A5096-679A-439A-97AA-F0FD33FF7C0E}"
EndProject
Global
	GlobalSection(SolutionConfigurationPlatforms) = preSolution
		Debug|Any CPU = Debug|Any CPU
		Release|Any CPU = Release|Any CPU
	EndGlobalSection
	GlobalSection(ProjectConfigurationPlatforms) = postSolution
		{966A5096-679A-439A-97AA-F0FD33FF7C0E}.Debug|Any CPU.ActiveCfg = Debug|Any CPU
		{966A5096-679A-439A-97AA-F0FD33FF7C0E}.Debug|Any CPU.Build.0 = Debug|Any CPU
		{966A5096-679A-439A-97AA-F0FD33FF7C0E}.Release|Any CPU.ActiveCfg = Release|Any CPU
		{966A5096-679A-439A-97AA-F0FD33FF7C0E}.Release|Any CPU.Build.0 = Release|Any CPU
	EndGlobalSection
	GlobalSection(SolutionProperties) = preSolution
		HideSolutionNode = FALSE
	EndGlobalSection
	GlobalSection(NestedProjects) = preSolution
		{966A5096-679A-439A-97AA-F0FD33FF7C0E} = {AE6BEDFB-985C-4B51-99CD-E70AD050F266}
	EndGlobalSection
EndGlobal
